
Microsoft Visual Studio Solution File, Format Version 12.00
# Visual Studio 14
VisualStudioVersion = 14.0.25420.1
MinimumVisualStudioVersion = 10.0.40219.1
Project("{2150E333-8FDC-42A3-9474-1A3956D46DE8}") = "src", "src", "{2E6105F7-8D8C-4CF2-AFD7-E4B8164EBB32}"
EndProject
Project("{2150E333-8FDC-42A3-9474-1A3956D46DE8}") = "Solution Items", "Solution Items", "{EE020E5C-B381-4FC9-A4CE-338D9786FF24}"
	ProjectSection(SolutionItems) = preProject
		global.json = global.json
	EndProjectSection
EndProject
Project("{8BB2217D-0F2D-49D1-97BC-3654ED321F3B}") = "MvcMovie", "src\MvcMovie\MvcMovie.xproj", "{87BCEFEB-6DE0-4437-932F-8A7A1FFFFA58}"
EndProject
Global
	GlobalSection(SolutionConfigurationPlatforms) = preSolution
		Debug|Any CPU = Debug|Any CPU
		Release|Any CPU = Release|Any CPU
	EndGlobalSection
	GlobalSection(ProjectConfigurationPlatforms) = postSolution
		{87BCEFEB-6DE0-4437-932F-8A7A1FFFFA58}.Debug|Any CPU.ActiveCfg = Debug|Any CPU
		{87BCEFEB-6DE0-4437-932F-8A7A1FFFFA58}.Debug|Any CPU.Build.0 = Debug|Any CPU
		{87BCEFEB-6DE0-4437-932F-8A7A1FFFFA58}.Release|Any CPU.ActiveCfg = Release|Any CPU
		{87BCEFEB-6DE0-4437-932F-8A7A1FFFFA58}.Release|Any CPU.Build.0 = Release|Any CPU
	EndGlobalSection
	GlobalSection(SolutionProperties) = preSolution
		HideSolutionNode = FALSE
	EndGlobalSection
	GlobalSection(NestedProjects) = preSolution
		{87BCEFEB-6DE0-4437-932F-8A7A1FFFFA58} = {2E6105F7-8D8C-4CF2-AFD7-E4B8164EBB32}
	EndGlobalSection
EndGlobal
